
Microsoft Visual Studio Solution File, Format Version 12.00
# Visual Studio 14
VisualStudioVersion = 14.0.23107.0
MinimumVisualStudioVersion = 10.0.40219.1
Project("{8BC9CEB8-8B4A-11D0-8D11-00A0C91BC942}") = "libnitki", "libnitki\libnitki.vcxproj", "{07717B6B-3E25-4CE5-B54B-A6F578C35804}"
EndProject
Project("{8BC9CEB8-8B4A-11D0-8D11-00A0C91BC942}") = "test_Thread", "test_Thread\test_Thread.vcxproj", "{5B7B84F3-8104-45D7-B1D2-73E374D8E0AE}"
	ProjectSection(ProjectDependencies) = postProject
		{07717B6B-3E25-4CE5-B54B-A6F578C35804} = {07717B6B-3E25-4CE5-B54B-A6F578C35804}
	EndProjectSection
EndProject
Global
	GlobalSection(SolutionConfigurationPlatforms) = preSolution
		Debug|x64 = Debug|x64
		Debug|x86 = Debug|x86
		Release|x64 = Release|x64
		Release|x86 = Release|x86
	EndGlobalSection
	GlobalSection(ProjectConfigurationPlatforms) = postSolution
		{07717B6B-3E25-4CE5-B54B-A6F578C35804}.Debug|x64.ActiveCfg = Debug|x64
		{07717B6B-3E25-4CE5-B54B-A6F578C35804}.Debug|x64.Build.0 = Debug|x64
		{07717B6B-3E25-4CE5-B54B-A6F578C35804}.Debug|x86.ActiveCfg = Debug|Win32
		{07717B6B-3E25-4CE5-B54B-A6F578C35804}.Debug|x86.Build.0 = Debug|Win32
		{07717B6B-3E25-4CE5-B54B-A6F578C35804}.Release|x64.ActiveCfg = Release|x64
		{07717B6B-3E25-4CE5-B54B-A6F578C35804}.Release|x64.Build.0 = Release|x64
		{07717B6B-3E25-4CE5-B54B-A6F578C35804}.Release|x86.ActiveCfg = Release|Win32
		{07717B6B-3E25-4CE5-B54B-A6F578C35804}.Release|x86.Build.0 = Release|Win32
		{5B7B84F3-8104-45D7-B1D2-73E374D8E0AE}.Debug|x64.ActiveCfg = Debug|x64
		{5B7B84F3-8104-45D7-B1D2-73E374D8E0AE}.Debug|x64.Build.0 = Debug|x64
		{5B7B84F3-8104-45D7-B1D2-73E374D8E0AE}.Debug|x86.ActiveCfg = Debug|Win32
		{5B7B84F3-8104-45D7-B1D2-73E374D8E0AE}.Debug|x86.Build.0 = Debug|Win32
		{5B7B84F3-8104-45D7-B1D2-73E374D8E0AE}.Release|x64.ActiveCfg = Release|x64
		{5B7B84F3-8104-45D7-B1D2-73E374D8E0AE}.Release|x64.Build.0 = Release|x64
		{5B7B84F3-8104-45D7-B1D2-73E374D8E0AE}.Release|x86.ActiveCfg = Release|Win32
		{5B7B84F3-8104-45D7-B1D2-73E374D8E0AE}.Release|x86.Build.0 = Release|Win32
	EndGlobalSection
	GlobalSection(SolutionProperties) = preSolution
		HideSolutionNode = FALSE
	EndGlobalSection
EndGlobal
